
Microsoft Visual Studio Solution File, Format Version 12.00
# Visual Studio Version 17
VisualStudioVersion = 17.13.35818.85 d17.13
MinimumVisualStudioVersion = 10.0.40219.1
Project("{FAE04EC0-301F-11D3-BF4B-00C04F79EFBC}") = "DnD Trading", "DnD Trading.csproj", "{BD0C68E6-632B-44A4-9AB9-FB484C1D4DFD}"
EndProject
Global
	GlobalSection(SolutionConfigurationPlatforms) = preSolution
		Debug|Any CPU = Debug|Any CPU
		Release|Any CPU = Release|Any CPU
	EndGlobalSection
	GlobalSection(ProjectConfigurationPlatforms) = postSolution
		{BD0C68E6-632B-44A4-9AB9-FB484C1D4DFD}.Debug|Any CPU.ActiveCfg = Debug|Any CPU
		{BD0C68E6-632B-44A4-9AB9-FB484C1D4DFD}.Debug|Any CPU.Build.0 = Debug|Any CPU
		{BD0C68E6-632B-44A4-9AB9-FB484C1D4DFD}.Release|Any CPU.ActiveCfg = Release|Any CPU
		{BD0C68E6-632B-44A4-9AB9-FB484C1D4DFD}.Release|Any CPU.Build.0 = Release|Any CPU
	EndGlobalSection
	GlobalSection(SolutionProperties) = preSolution
		HideSolutionNode = FALSE
	EndGlobalSection
	GlobalSection(ExtensibilityGlobals) = postSolution
		SolutionGuid = {655BFDF3-36FB-4896-A509-C20D0A1AA28D}
	EndGlobalSection
EndGlobal
